þ½Ž¿
Microsoft Visual Studio Solution File, Format Version 10.00
# Visual Studio 2008
Project("{8BC9CEB8-8B4A-11D0-8D11-00A0C91BC942}") = "convert_int_test", "test\base\proj\convert_int_test.vcproj", "{50DB3714-94E8-4D91-A438-F782918A65D1}"
EndProject
Project("{8BC9CEB8-8B4A-11D0-8D11-00A0C91BC942}") = "string_test", "test\base\proj\string_test.vcproj", "{E74BF314-768B-42F9-9B80-2B11E4BA49F9}"
EndProject
Project("{2150E333-8FDC-42A3-9474-1A3956D46DE8}") = "test", "test", "{56636765-83D3-486D-B32D-AF9BBCAEDD24}"
EndProject
Project("{2150E333-8FDC-42A3-9474-1A3956D46DE8}") = "sample", "sample", "{75FC3DD2-6007-4A5A-9768-0166608AB2CF}"
EndProject
Project("{8BC9CEB8-8B4A-11D0-8D11-00A0C91BC942}") = "exception_smpl", "sample\proj\exception_smpl.vcproj", "{A652D071-3DCC-4C40-8046-D629D960690B}"
EndProject
Project("{8BC9CEB8-8B4A-11D0-8D11-00A0C91BC942}") = "file_test", "test\base\proj\file_test.vcproj", "{A6702B91-0DB3-44FE-AD10-1BF462F2CBAB}"
EndProject
Project("{8BC9CEB8-8B4A-11D0-8D11-00A0C91BC942}") = "time_test", "test\base\proj\time_test.vcproj", "{E5C319EE-2E49-4B9A-8AE5-6826A82408E0}"
EndProject
Project("{8BC9CEB8-8B4A-11D0-8D11-00A0C91BC942}") = "endian_test", "test\base\proj\endian_test.vcproj", "{35A35B48-5769-40D3-9A0E-5800F4F549E4}"
EndProject
Project("{8BC9CEB8-8B4A-11D0-8D11-00A0C91BC942}") = "base64_test", "test\base\proj\base64_test.vcproj", "{F2EC5BE0-9269-4C81-AADF-A43FA81525CC}"
EndProject
Project("{2150E333-8FDC-42A3-9474-1A3956D46DE8}") = "core", "core", "{589DDC04-EFD7-44A2-BCAC-8C40874BF621}"
EndProject
Project("{8BC9CEB8-8B4A-11D0-8D11-00A0C91BC942}") = "string_operation_test", "test\base\proj\string_operation_test.vcproj", "{09B74583-C00F-48C2-9857-AC901A568AF6}"
EndProject
Project("{8BC9CEB8-8B4A-11D0-8D11-00A0C91BC942}") = "config_test", "test\base\proj\config_test.vcproj", "{BFCE8477-DC88-4ED9-A823-3E32977928B5}"
EndProject
Project("{8BC9CEB8-8B4A-11D0-8D11-00A0C91BC942}") = "stream_test", "test\base\proj\stream_test.vcproj", "{FDB6F109-B322-4114-A0EF-2997B997D72B}"
EndProject
Project("{8BC9CEB8-8B4A-11D0-8D11-00A0C91BC942}") = "csv_test", "test\base\proj\csv_test.vcproj", "{042429A9-745E-4F8A-9424-9FBB7C759F21}"
EndProject
Project("{8BC9CEB8-8B4A-11D0-8D11-00A0C91BC942}") = "serializer_test", "test\base\proj\serializer_test.vcproj", "{59196ADF-9978-4C52-820A-48B86EC1A7B3}"
EndProject
Project("{8BC9CEB8-8B4A-11D0-8D11-00A0C91BC942}") = "env_test", "test\base\proj\env_test.vcproj", "{3D3FA8A0-BDF3-43F8-94B5-0565FF811596}"
EndProject
Project("{8BC9CEB8-8B4A-11D0-8D11-00A0C91BC942}") = "atomic_test", "test\base\proj\atomic_test.vcproj", "{FBC9E3E3-6B8C-48A3-AB25-843A5983C2A5}"
EndProject
Project("{8BC9CEB8-8B4A-11D0-8D11-00A0C91BC942}") = "tls_test", "test\base\proj\tls_test.vcproj", "{AD4AD12B-A004-49E7-803B-E10514C06208}"
EndProject
Project("{8BC9CEB8-8B4A-11D0-8D11-00A0C91BC942}") = "thread_test", "test\base\proj\thread_test.vcproj", "{E15C5C1A-F0FD-47C3-A636-AE074BFEF39C}"
EndProject
Project("{8BC9CEB8-8B4A-11D0-8D11-00A0C91BC942}") = "condition_variable_test", "test\base\proj\condition_variable_test.vcproj", "{033B7F0C-0EA0-4FE9-820A-F29684A660B6}"
EndProject
Project("{2150E333-8FDC-42A3-9474-1A3956D46DE8}") = "nlp", "nlp", "{2636D5CB-F140-4ED9-927D-A2B2B3B19FA5}"
EndProject
Project("{8BC9CEB8-8B4A-11D0-8D11-00A0C91BC942}") = "random_test", "test\nlp\proj\random_test.vcproj", "{D0B6CDA2-ED5A-488C-8A00-42B558C10F2E}"
EndProject
Project("{8BC9CEB8-8B4A-11D0-8D11-00A0C91BC942}") = "sparse_test", "test\nlp\proj\sparse_test.vcproj", "{4C0C4E8A-0030-4450-8B3D-2BFC77443D98}"
EndProject
Project("{8BC9CEB8-8B4A-11D0-8D11-00A0C91BC942}") = "condition_variable_cs_test", "test\base\proj\condition_variable_cs_test.vcproj", "{A7A9319D-8A71-4188-83E8-8FC23369F6F0}"
EndProject
Project("{8BC9CEB8-8B4A-11D0-8D11-00A0C91BC942}") = "ssl_smpl", "sample\proj\ssl_smpl.vcproj", "{E92D9155-A74C-4E23-91F2-E584B325DF52}"
EndProject
Project("{8BC9CEB8-8B4A-11D0-8D11-00A0C91BC942}") = "mmap_test", "test\base\proj\mmap_test.vcproj", "{D53C6B45-1BA5-4B75-9E41-FE7EDF6309E5}"
EndProject
Project("{2150E333-8FDC-42A3-9474-1A3956D46DE8}") = "use_3rd_party", "use_3rd_party", "{0D2C804C-41DB-4115-90E2-1E8CF56BC893}"
EndProject
Project("{8BC9CEB8-8B4A-11D0-8D11-00A0C91BC942}") = "zlib_test", "test\base\proj\zlib_test.vcproj", "{D2B62441-4CFD-4579-8E4A-ABB1DB75D516}"
EndProject
Global
	GlobalSection(SolutionConfigurationPlatforms) = preSolution
		Debug|Win32 = Debug|Win32
		Debug|x64 = Debug|x64
		Release|Win32 = Release|Win32
		Release|x64 = Release|x64
	EndGlobalSection
	GlobalSection(ProjectConfigurationPlatforms) = postSolution
		{50DB3714-94E8-4D91-A438-F782918A65D1}.Debug|Win32.ActiveCfg = Debug|Win32
		{50DB3714-94E8-4D91-A438-F782918A65D1}.Debug|Win32.Build.0 = Debug|Win32
		{50DB3714-94E8-4D91-A438-F782918A65D1}.Debug|x64.ActiveCfg = Debug|x64
		{50DB3714-94E8-4D91-A438-F782918A65D1}.Debug|x64.Build.0 = Debug|x64
		{50DB3714-94E8-4D91-A438-F782918A65D1}.Release|Win32.ActiveCfg = Release|Win32
		{50DB3714-94E8-4D91-A438-F782918A65D1}.Release|Win32.Build.0 = Release|Win32
		{50DB3714-94E8-4D91-A438-F782918A65D1}.Release|x64.ActiveCfg = Release|x64
		{50DB3714-94E8-4D91-A438-F782918A65D1}.Release|x64.Build.0 = Release|x64
		{E74BF314-768B-42F9-9B80-2B11E4BA49F9}.Debug|Win32.ActiveCfg = Debug|Win32
		{E74BF314-768B-42F9-9B80-2B11E4BA49F9}.Debug|Win32.Build.0 = Debug|Win32
		{E74BF314-768B-42F9-9B80-2B11E4BA49F9}.Debug|x64.ActiveCfg = Debug|x64
		{E74BF314-768B-42F9-9B80-2B11E4BA49F9}.Debug|x64.Build.0 = Debug|x64
		{E74BF314-768B-42F9-9B80-2B11E4BA49F9}.Release|Win32.ActiveCfg = Release|Win32
		{E74BF314-768B-42F9-9B80-2B11E4BA49F9}.Release|Win32.Build.0 = Release|Win32
		{E74BF314-768B-42F9-9B80-2B11E4BA49F9}.Release|x64.ActiveCfg = Release|x64
		{E74BF314-768B-42F9-9B80-2B11E4BA49F9}.Release|x64.Build.0 = Release|x64
		{A652D071-3DCC-4C40-8046-D629D960690B}.Debug|Win32.ActiveCfg = Debug|Win32
		{A652D071-3DCC-4C40-8046-D629D960690B}.Debug|Win32.Build.0 = Debug|Win32
		{A652D071-3DCC-4C40-8046-D629D960690B}.Debug|x64.ActiveCfg = Debug|x64
		{A652D071-3DCC-4C40-8046-D629D960690B}.Debug|x64.Build.0 = Debug|x64
		{A652D071-3DCC-4C40-8046-D629D960690B}.Release|Win32.ActiveCfg = Release|Win32
		{A652D071-3DCC-4C40-8046-D629D960690B}.Release|Win32.Build.0 = Release|Win32
		{A652D071-3DCC-4C40-8046-D629D960690B}.Release|x64.ActiveCfg = Release|x64
		{A652D071-3DCC-4C40-8046-D629D960690B}.Release|x64.Build.0 = Release|x64
		{A6702B91-0DB3-44FE-AD10-1BF462F2CBAB}.Debug|Win32.ActiveCfg = Debug|Win32
		{A6702B91-0DB3-44FE-AD10-1BF462F2CBAB}.Debug|Win32.Build.0 = Debug|Win32
		{A6702B91-0DB3-44FE-AD10-1BF462F2CBAB}.Debug|x64.ActiveCfg = Debug|x64
		{A6702B91-0DB3-44FE-AD10-1BF462F2CBAB}.Debug|x64.Build.0 = Debug|x64
		{A6702B91-0DB3-44FE-AD10-1BF462F2CBAB}.Release|Win32.ActiveCfg = Release|Win32
		{A6702B91-0DB3-44FE-AD10-1BF462F2CBAB}.Release|Win32.Build.0 = Release|Win32
		{A6702B91-0DB3-44FE-AD10-1BF462F2CBAB}.Release|x64.ActiveCfg = Release|x64
		{A6702B91-0DB3-44FE-AD10-1BF462F2CBAB}.Release|x64.Build.0 = Release|x64
		{E5C319EE-2E49-4B9A-8AE5-6826A82408E0}.Debug|Win32.ActiveCfg = Debug|Win32
		{E5C319EE-2E49-4B9A-8AE5-6826A82408E0}.Debug|Win32.Build.0 = Debug|Win32
		{E5C319EE-2E49-4B9A-8AE5-6826A82408E0}.Debug|x64.ActiveCfg = Debug|x64
		{E5C319EE-2E49-4B9A-8AE5-6826A82408E0}.Debug|x64.Build.0 = Debug|x64
		{E5C319EE-2E49-4B9A-8AE5-6826A82408E0}.Release|Win32.ActiveCfg = Release|Win32
		{E5C319EE-2E49-4B9A-8AE5-6826A82408E0}.Release|Win32.Build.0 = Release|Win32
		{E5C319EE-2E49-4B9A-8AE5-6826A82408E0}.Release|x64.ActiveCfg = Release|x64
		{E5C319EE-2E49-4B9A-8AE5-6826A82408E0}.Release|x64.Build.0 = Release|x64
		{35A35B48-5769-40D3-9A0E-5800F4F549E4}.Debug|Win32.ActiveCfg = Debug|Win32
		{35A35B48-5769-40D3-9A0E-5800F4F549E4}.Debug|Win32.Build.0 = Debug|Win32
		{35A35B48-5769-40D3-9A0E-5800F4F549E4}.Debug|x64.ActiveCfg = Debug|x64
		{35A35B48-5769-40D3-9A0E-5800F4F549E4}.Debug|x64.Build.0 = Debug|x64
		{35A35B48-5769-40D3-9A0E-5800F4F549E4}.Release|Win32.ActiveCfg = Release|Win32
		{35A35B48-5769-40D3-9A0E-5800F4F549E4}.Release|Win32.Build.0 = Release|Win32
		{35A35B48-5769-40D3-9A0E-5800F4F549E4}.Release|x64.ActiveCfg = Release|x64
		{35A35B48-5769-40D3-9A0E-5800F4F549E4}.Release|x64.Build.0 = Release|x64
		{F2EC5BE0-9269-4C81-AADF-A43FA81525CC}.Debug|Win32.ActiveCfg = Debug|Win32
		{F2EC5BE0-9269-4C81-AADF-A43FA81525CC}.Debug|Win32.Build.0 = Debug|Win32
		{F2EC5BE0-9269-4C81-AADF-A43FA81525CC}.Debug|x64.ActiveCfg = Debug|x64
		{F2EC5BE0-9269-4C81-AADF-A43FA81525CC}.Debug|x64.Build.0 = Debug|x64
		{F2EC5BE0-9269-4C81-AADF-A43FA81525CC}.Release|Win32.ActiveCfg = Release|Win32
		{F2EC5BE0-9269-4C81-AADF-A43FA81525CC}.Release|Win32.Build.0 = Release|Win32
		{F2EC5BE0-9269-4C81-AADF-A43FA81525CC}.Release|x64.ActiveCfg = Release|x64
		{F2EC5BE0-9269-4C81-AADF-A43FA81525CC}.Release|x64.Build.0 = Release|x64
		{09B74583-C00F-48C2-9857-AC901A568AF6}.Debug|Win32.ActiveCfg = Debug|Win32
		{09B74583-C00F-48C2-9857-AC901A568AF6}.Debug|Win32.Build.0 = Debug|Win32
		{09B74583-C00F-48C2-9857-AC901A568AF6}.Debug|x64.ActiveCfg = Debug|x64
		{09B74583-C00F-48C2-9857-AC901A568AF6}.Debug|x64.Build.0 = Debug|x64
		{09B74583-C00F-48C2-9857-AC901A568AF6}.Release|Win32.ActiveCfg = Release|Win32
		{09B74583-C00F-48C2-9857-AC901A568AF6}.Release|Win32.Build.0 = Release|Win32
		{09B74583-C00F-48C2-9857-AC901A568AF6}.Release|x64.ActiveCfg = Release|x64
		{09B74583-C00F-48C2-9857-AC901A568AF6}.Release|x64.Build.0 = Release|x64
		{BFCE8477-DC88-4ED9-A823-3E32977928B5}.Debug|Win32.ActiveCfg = Debug|Win32
		{BFCE8477-DC88-4ED9-A823-3E32977928B5}.Debug|Win32.Build.0 = Debug|Win32
		{BFCE8477-DC88-4ED9-A823-3E32977928B5}.Debug|x64.ActiveCfg = Debug|x64
		{BFCE8477-DC88-4ED9-A823-3E32977928B5}.Debug|x64.Build.0 = Debug|x64
		{BFCE8477-DC88-4ED9-A823-3E32977928B5}.Release|Win32.ActiveCfg = Release|Win32
		{BFCE8477-DC88-4ED9-A823-3E32977928B5}.Release|Win32.Build.0 = Release|Win32
		{BFCE8477-DC88-4ED9-A823-3E32977928B5}.Release|x64.ActiveCfg = Release|x64
		{BFCE8477-DC88-4ED9-A823-3E32977928B5}.Release|x64.Build.0 = Release|x64
		{FDB6F109-B322-4114-A0EF-2997B997D72B}.Debug|Win32.ActiveCfg = Debug|Win32
		{FDB6F109-B322-4114-A0EF-2997B997D72B}.Debug|Win32.Build.0 = Debug|Win32
		{FDB6F109-B322-4114-A0EF-2997B997D72B}.Debug|x64.ActiveCfg = Debug|x64
		{FDB6F109-B322-4114-A0EF-2997B997D72B}.Debug|x64.Build.0 = Debug|x64
		{FDB6F109-B322-4114-A0EF-2997B997D72B}.Release|Win32.ActiveCfg = Release|Win32
		{FDB6F109-B322-4114-A0EF-2997B997D72B}.Release|Win32.Build.0 = Release|Win32
		{FDB6F109-B322-4114-A0EF-2997B997D72B}.Release|x64.ActiveCfg = Release|x64
		{FDB6F109-B322-4114-A0EF-2997B997D72B}.Release|x64.Build.0 = Release|x64
		{042429A9-745E-4F8A-9424-9FBB7C759F21}.Debug|Win32.ActiveCfg = Debug|Win32
		{042429A9-745E-4F8A-9424-9FBB7C759F21}.Debug|Win32.Build.0 = Debug|Win32
		{042429A9-745E-4F8A-9424-9FBB7C759F21}.Debug|x64.ActiveCfg = Debug|x64
		{042429A9-745E-4F8A-9424-9FBB7C759F21}.Debug|x64.Build.0 = Debug|x64
		{042429A9-745E-4F8A-9424-9FBB7C759F21}.Release|Win32.ActiveCfg = Release|Win32
		{042429A9-745E-4F8A-9424-9FBB7C759F21}.Release|Win32.Build.0 = Release|Win32
		{042429A9-745E-4F8A-9424-9FBB7C759F21}.Release|x64.ActiveCfg = Release|x64
		{042429A9-745E-4F8A-9424-9FBB7C759F21}.Release|x64.Build.0 = Release|x64
		{59196ADF-9978-4C52-820A-48B86EC1A7B3}.Debug|Win32.ActiveCfg = Debug|Win32
		{59196ADF-9978-4C52-820A-48B86EC1A7B3}.Debug|Win32.Build.0 = Debug|Win32
		{59196ADF-9978-4C52-820A-48B86EC1A7B3}.Debug|x64.ActiveCfg = Debug|x64
		{59196ADF-9978-4C52-820A-48B86EC1A7B3}.Debug|x64.Build.0 = Debug|x64
		{59196ADF-9978-4C52-820A-48B86EC1A7B3}.Release|Win32.ActiveCfg = Release|Win32
		{59196ADF-9978-4C52-820A-48B86EC1A7B3}.Release|Win32.Build.0 = Release|Win32
		{59196ADF-9978-4C52-820A-48B86EC1A7B3}.Release|x64.ActiveCfg = Release|x64
		{59196ADF-9978-4C52-820A-48B86EC1A7B3}.Release|x64.Build.0 = Release|x64
		{3D3FA8A0-BDF3-43F8-94B5-0565FF811596}.Debug|Win32.ActiveCfg = Debug|Win32
		{3D3FA8A0-BDF3-43F8-94B5-0565FF811596}.Debug|Win32.Build.0 = Debug|Win32
		{3D3FA8A0-BDF3-43F8-94B5-0565FF811596}.Debug|x64.ActiveCfg = Debug|x64
		{3D3FA8A0-BDF3-43F8-94B5-0565FF811596}.Debug|x64.Build.0 = Debug|x64
		{3D3FA8A0-BDF3-43F8-94B5-0565FF811596}.Release|Win32.ActiveCfg = Release|Win32
		{3D3FA8A0-BDF3-43F8-94B5-0565FF811596}.Release|Win32.Build.0 = Release|Win32
		{3D3FA8A0-BDF3-43F8-94B5-0565FF811596}.Release|x64.ActiveCfg = Release|x64
		{3D3FA8A0-BDF3-43F8-94B5-0565FF811596}.Release|x64.Build.0 = Release|x64
		{FBC9E3E3-6B8C-48A3-AB25-843A5983C2A5}.Debug|Win32.ActiveCfg = Debug|Win32
		{FBC9E3E3-6B8C-48A3-AB25-843A5983C2A5}.Debug|Win32.Build.0 = Debug|Win32
		{FBC9E3E3-6B8C-48A3-AB25-843A5983C2A5}.Debug|x64.ActiveCfg = Debug|x64
		{FBC9E3E3-6B8C-48A3-AB25-843A5983C2A5}.Debug|x64.Build.0 = Debug|x64
		{FBC9E3E3-6B8C-48A3-AB25-843A5983C2A5}.Release|Win32.ActiveCfg = Release|Win32
		{FBC9E3E3-6B8C-48A3-AB25-843A5983C2A5}.Release|Win32.Build.0 = Release|Win32
		{FBC9E3E3-6B8C-48A3-AB25-843A5983C2A5}.Release|x64.ActiveCfg = Release|x64
		{FBC9E3E3-6B8C-48A3-AB25-843A5983C2A5}.Release|x64.Build.0 = Release|x64
		{AD4AD12B-A004-49E7-803B-E10514C06208}.Debug|Win32.ActiveCfg = Debug|Win32
		{AD4AD12B-A004-49E7-803B-E10514C06208}.Debug|Win32.Build.0 = Debug|Win32
		{AD4AD12B-A004-49E7-803B-E10514C06208}.Debug|x64.ActiveCfg = Debug|x64
		{AD4AD12B-A004-49E7-803B-E10514C06208}.Debug|x64.Build.0 = Debug|x64
		{AD4AD12B-A004-49E7-803B-E10514C06208}.Release|Win32.ActiveCfg = Release|Win32
		{AD4AD12B-A004-49E7-803B-E10514C06208}.Release|Win32.Build.0 = Release|Win32
		{AD4AD12B-A004-49E7-803B-E10514C06208}.Release|x64.ActiveCfg = Release|x64
		{AD4AD12B-A004-49E7-803B-E10514C06208}.Release|x64.Build.0 = Release|x64
		{E15C5C1A-F0FD-47C3-A636-AE074BFEF39C}.Debug|Win32.ActiveCfg = Debug|Win32
		{E15C5C1A-F0FD-47C3-A636-AE074BFEF39C}.Debug|Win32.Build.0 = Debug|Win32
		{E15C5C1A-F0FD-47C3-A636-AE074BFEF39C}.Debug|x64.ActiveCfg = Debug|x64
		{E15C5C1A-F0FD-47C3-A636-AE074BFEF39C}.Debug|x64.Build.0 = Debug|x64
		{E15C5C1A-F0FD-47C3-A636-AE074BFEF39C}.Release|Win32.ActiveCfg = Release|Win32
		{E15C5C1A-F0FD-47C3-A636-AE074BFEF39C}.Release|Win32.Build.0 = Release|Win32
		{E15C5C1A-F0FD-47C3-A636-AE074BFEF39C}.Release|x64.ActiveCfg = Release|x64
		{E15C5C1A-F0FD-47C3-A636-AE074BFEF39C}.Release|x64.Build.0 = Release|x64
		{033B7F0C-0EA0-4FE9-820A-F29684A660B6}.Debug|Win32.ActiveCfg = Debug|Win32
		{033B7F0C-0EA0-4FE9-820A-F29684A660B6}.Debug|Win32.Build.0 = Debug|Win32
		{033B7F0C-0EA0-4FE9-820A-F29684A660B6}.Debug|x64.ActiveCfg = Debug|x64
		{033B7F0C-0EA0-4FE9-820A-F29684A660B6}.Debug|x64.Build.0 = Debug|x64
		{033B7F0C-0EA0-4FE9-820A-F29684A660B6}.Release|Win32.ActiveCfg = Release|Win32
		{033B7F0C-0EA0-4FE9-820A-F29684A660B6}.Release|Win32.Build.0 = Release|Win32
		{033B7F0C-0EA0-4FE9-820A-F29684A660B6}.Release|x64.ActiveCfg = Release|x64
		{033B7F0C-0EA0-4FE9-820A-F29684A660B6}.Release|x64.Build.0 = Release|x64
		{D0B6CDA2-ED5A-488C-8A00-42B558C10F2E}.Debug|Win32.ActiveCfg = Debug|Win32
		{D0B6CDA2-ED5A-488C-8A00-42B558C10F2E}.Debug|Win32.Build.0 = Debug|Win32
		{D0B6CDA2-ED5A-488C-8A00-42B558C10F2E}.Debug|x64.ActiveCfg = Debug|x64
		{D0B6CDA2-ED5A-488C-8A00-42B558C10F2E}.Debug|x64.Build.0 = Debug|x64
		{D0B6CDA2-ED5A-488C-8A00-42B558C10F2E}.Release|Win32.ActiveCfg = Release|Win32
		{D0B6CDA2-ED5A-488C-8A00-42B558C10F2E}.Release|Win32.Build.0 = Release|Win32
		{D0B6CDA2-ED5A-488C-8A00-42B558C10F2E}.Release|x64.ActiveCfg = Release|x64
		{D0B6CDA2-ED5A-488C-8A00-42B558C10F2E}.Release|x64.Build.0 = Release|x64
		{4C0C4E8A-0030-4450-8B3D-2BFC77443D98}.Debug|Win32.ActiveCfg = Debug|Win32
		{4C0C4E8A-0030-4450-8B3D-2BFC77443D98}.Debug|Win32.Build.0 = Debug|Win32
		{4C0C4E8A-0030-4450-8B3D-2BFC77443D98}.Debug|x64.ActiveCfg = Debug|x64
		{4C0C4E8A-0030-4450-8B3D-2BFC77443D98}.Debug|x64.Build.0 = Debug|x64
		{4C0C4E8A-0030-4450-8B3D-2BFC77443D98}.Release|Win32.ActiveCfg = Release|Win32
		{4C0C4E8A-0030-4450-8B3D-2BFC77443D98}.Release|Win32.Build.0 = Release|Win32
		{4C0C4E8A-0030-4450-8B3D-2BFC77443D98}.Release|x64.ActiveCfg = Release|x64
		{4C0C4E8A-0030-4450-8B3D-2BFC77443D98}.Release|x64.Build.0 = Release|x64
		{A7A9319D-8A71-4188-83E8-8FC23369F6F0}.Debug|Win32.ActiveCfg = Debug|Win32
		{A7A9319D-8A71-4188-83E8-8FC23369F6F0}.Debug|Win32.Build.0 = Debug|Win32
		{A7A9319D-8A71-4188-83E8-8FC23369F6F0}.Debug|x64.ActiveCfg = Debug|x64
		{A7A9319D-8A71-4188-83E8-8FC23369F6F0}.Debug|x64.Build.0 = Debug|x64
		{A7A9319D-8A71-4188-83E8-8FC23369F6F0}.Release|Win32.ActiveCfg = Release|Win32
		{A7A9319D-8A71-4188-83E8-8FC23369F6F0}.Release|Win32.Build.0 = Release|Win32
		{A7A9319D-8A71-4188-83E8-8FC23369F6F0}.Release|x64.ActiveCfg = Release|x64
		{A7A9319D-8A71-4188-83E8-8FC23369F6F0}.Release|x64.Build.0 = Release|x64
		{E92D9155-A74C-4E23-91F2-E584B325DF52}.Debug|Win32.ActiveCfg = Debug|Win32
		{E92D9155-A74C-4E23-91F2-E584B325DF52}.Debug|Win32.Build.0 = Debug|Win32
		{E92D9155-A74C-4E23-91F2-E584B325DF52}.Debug|x64.ActiveCfg = Debug|x64
		{E92D9155-A74C-4E23-91F2-E584B325DF52}.Debug|x64.Build.0 = Debug|x64
		{E92D9155-A74C-4E23-91F2-E584B325DF52}.Release|Win32.ActiveCfg = Release|Win32
		{E92D9155-A74C-4E23-91F2-E584B325DF52}.Release|Win32.Build.0 = Release|Win32
		{E92D9155-A74C-4E23-91F2-E584B325DF52}.Release|x64.ActiveCfg = Release|x64
		{E92D9155-A74C-4E23-91F2-E584B325DF52}.Release|x64.Build.0 = Release|x64
		{D53C6B45-1BA5-4B75-9E41-FE7EDF6309E5}.Debug|Win32.ActiveCfg = Debug|Win32
		{D53C6B45-1BA5-4B75-9E41-FE7EDF6309E5}.Debug|Win32.Build.0 = Debug|Win32
		{D53C6B45-1BA5-4B75-9E41-FE7EDF6309E5}.Debug|x64.ActiveCfg = Debug|x64
		{D53C6B45-1BA5-4B75-9E41-FE7EDF6309E5}.Debug|x64.Build.0 = Debug|x64
		{D53C6B45-1BA5-4B75-9E41-FE7EDF6309E5}.Release|Win32.ActiveCfg = Release|Win32
		{D53C6B45-1BA5-4B75-9E41-FE7EDF6309E5}.Release|Win32.Build.0 = Release|Win32
		{D53C6B45-1BA5-4B75-9E41-FE7EDF6309E5}.Release|x64.ActiveCfg = Release|x64
		{D53C6B45-1BA5-4B75-9E41-FE7EDF6309E5}.Release|x64.Build.0 = Release|x64
		{D2B62441-4CFD-4579-8E4A-ABB1DB75D516}.Debug|Win32.ActiveCfg = Debug|Win32
		{D2B62441-4CFD-4579-8E4A-ABB1DB75D516}.Debug|Win32.Build.0 = Debug|Win32
		{D2B62441-4CFD-4579-8E4A-ABB1DB75D516}.Debug|x64.ActiveCfg = Debug|x64
		{D2B62441-4CFD-4579-8E4A-ABB1DB75D516}.Debug|x64.Build.0 = Debug|x64
		{D2B62441-4CFD-4579-8E4A-ABB1DB75D516}.Release|Win32.ActiveCfg = Release|Win32
		{D2B62441-4CFD-4579-8E4A-ABB1DB75D516}.Release|Win32.Build.0 = Release|Win32
		{D2B62441-4CFD-4579-8E4A-ABB1DB75D516}.Release|x64.ActiveCfg = Release|x64
		{D2B62441-4CFD-4579-8E4A-ABB1DB75D516}.Release|x64.Build.0 = Release|x64
	EndGlobalSection
	GlobalSection(SolutionProperties) = preSolution
		HideSolutionNode = FALSE
	EndGlobalSection
	GlobalSection(NestedProjects) = preSolution
		{589DDC04-EFD7-44A2-BCAC-8C40874BF621} = {56636765-83D3-486D-B32D-AF9BBCAEDD24}
		{2636D5CB-F140-4ED9-927D-A2B2B3B19FA5} = {56636765-83D3-486D-B32D-AF9BBCAEDD24}
		{50DB3714-94E8-4D91-A438-F782918A65D1} = {589DDC04-EFD7-44A2-BCAC-8C40874BF621}
		{A6702B91-0DB3-44FE-AD10-1BF462F2CBAB} = {589DDC04-EFD7-44A2-BCAC-8C40874BF621}
		{E5C319EE-2E49-4B9A-8AE5-6826A82408E0} = {589DDC04-EFD7-44A2-BCAC-8C40874BF621}
		{35A35B48-5769-40D3-9A0E-5800F4F549E4} = {589DDC04-EFD7-44A2-BCAC-8C40874BF621}
		{F2EC5BE0-9269-4C81-AADF-A43FA81525CC} = {589DDC04-EFD7-44A2-BCAC-8C40874BF621}
		{E74BF314-768B-42F9-9B80-2B11E4BA49F9} = {589DDC04-EFD7-44A2-BCAC-8C40874BF621}
		{09B74583-C00F-48C2-9857-AC901A568AF6} = {589DDC04-EFD7-44A2-BCAC-8C40874BF621}
		{BFCE8477-DC88-4ED9-A823-3E32977928B5} = {589DDC04-EFD7-44A2-BCAC-8C40874BF621}
		{FDB6F109-B322-4114-A0EF-2997B997D72B} = {589DDC04-EFD7-44A2-BCAC-8C40874BF621}
		{042429A9-745E-4F8A-9424-9FBB7C759F21} = {589DDC04-EFD7-44A2-BCAC-8C40874BF621}
		{59196ADF-9978-4C52-820A-48B86EC1A7B3} = {589DDC04-EFD7-44A2-BCAC-8C40874BF621}
		{3D3FA8A0-BDF3-43F8-94B5-0565FF811596} = {589DDC04-EFD7-44A2-BCAC-8C40874BF621}
		{FBC9E3E3-6B8C-48A3-AB25-843A5983C2A5} = {589DDC04-EFD7-44A2-BCAC-8C40874BF621}
		{AD4AD12B-A004-49E7-803B-E10514C06208} = {589DDC04-EFD7-44A2-BCAC-8C40874BF621}
		{E15C5C1A-F0FD-47C3-A636-AE074BFEF39C} = {589DDC04-EFD7-44A2-BCAC-8C40874BF621}
		{033B7F0C-0EA0-4FE9-820A-F29684A660B6} = {589DDC04-EFD7-44A2-BCAC-8C40874BF621}
		{A7A9319D-8A71-4188-83E8-8FC23369F6F0} = {589DDC04-EFD7-44A2-BCAC-8C40874BF621}
		{D53C6B45-1BA5-4B75-9E41-FE7EDF6309E5} = {589DDC04-EFD7-44A2-BCAC-8C40874BF621}
		{A652D071-3DCC-4C40-8046-D629D960690B} = {75FC3DD2-6007-4A5A-9768-0166608AB2CF}
		{D0B6CDA2-ED5A-488C-8A00-42B558C10F2E} = {2636D5CB-F140-4ED9-927D-A2B2B3B19FA5}
		{4C0C4E8A-0030-4450-8B3D-2BFC77443D98} = {2636D5CB-F140-4ED9-927D-A2B2B3B19FA5}
		{E92D9155-A74C-4E23-91F2-E584B325DF52} = {0D2C804C-41DB-4115-90E2-1E8CF56BC893}
		{D2B62441-4CFD-4579-8E4A-ABB1DB75D516} = {0D2C804C-41DB-4115-90E2-1E8CF56BC893}
	EndGlobalSection
EndGlobal
